// !$*UTF8*$!
{
	archiveVersion = 1;
	classes = {
	};
	objectVersion = 52;
	objects = {

/* Begin PBXBuildFile section */
		468E9A9C26CE6A8100A8B4E8 /* Memo.swift in Sources */ = {isa = PBXBuildFile; fileRef = 468E9A9B26CE6A8100A8B4E8 /* Memo.swift */; };
		46BD104B26CE656E00991951 /* AppDelegate.swift in Sources */ = {isa = PBXBuildFile; fileRef = 46BD104A26CE656E00991951 /* AppDelegate.swift */; };
		46BD104D26CE656E00991951 /* SceneDelegate.swift in Sources */ = {isa = PBXBuildFile; fileRef = 46BD104C26CE656E00991951 /* SceneDelegate.swift */; };
		46BD104F26CE656E00991951 /* ViewController.swift in Sources */ = {isa = PBXBuildFile; fileRef = 46BD104E26CE656E00991951 /* ViewController.swift */; };
		46BD105226CE656E00991951 /* Main.storyboard in Resources */ = {isa = PBXBuildFile; fileRef = 46BD105026CE656E00991951 /* Main.storyboard */; };
		46BD105426CE657000991951 /* Assets.xcassets in Resources */ = {isa = PBXBuildFile; fileRef = 46BD105326CE657000991951 /* Assets.xcassets */; };
		46BD105726CE657000991951 /* LaunchScreen.storyboard in Resources */ = {isa = PBXBuildFile; fileRef = 46BD105526CE657000991951 /* LaunchScreen.storyboard */; };
		46BD106126CE666100991951 /* Realm in Frameworks */ = {isa = PBXBuildFile; productRef = 46BD106026CE666100991951 /* Realm */; };
		46BD106326CE666100991951 /* RealmSwift in Frameworks */ = {isa = PBXBuildFile; productRef = 46BD106226CE666100991951 /* RealmSwift */; };
/* End PBXBuildFile section */

/* Begin PBXFileReference section */
		468E9A9B26CE6A8100A8B4E8 /* Memo.swift */ = {isa = PBXFileReference; lastKnownFileType = sourcecode.swift; path = Memo.swift; sourceTree = "<group>"; };
		46BD104726CE656E00991951 /* RealmDatabase.app */ = {isa = PBXFileReference; explicitFileType = wrapper.application; includeInIndex = 0; path = RealmDatabase.app; sourceTree = BUILT_PRODUCTS_DIR; };
		46BD104A26CE656E00991951 /* AppDelegate.swift */ = {isa = PBXFileReference; lastKnownFileType = sourcecode.swift; path = AppDelegate.swift; sourceTree = "<group>"; };
		46BD104C26CE656E00991951 /* SceneDelegate.swift */ = {isa = PBXFileReference; lastKnownFileType = sourcecode.swift; path = SceneDelegate.swift; sourceTree = "<group>"; };
		46BD104E26CE656E00991951 /* ViewController.swift */ = {isa = PBXFileReference; lastKnownFileType = sourcecode.swift; path = ViewController.swift; sourceTree = "<group>"; };
		46BD105126CE656E00991951 /* Base */ = {isa = PBXFileReference; lastKnownFileType = file.storyboard; name = Base; path = Base.lproj/Main.storyboard; sourceTree = "<group>"; };
		46BD105326CE657000991951 /* Assets.xcassets */ = {isa = PBXFileReference; lastKnownFileType = folder.assetcatalog; path = Assets.xcassets; sourceTree = "<group>"; };
		46BD105626CE657000991951 /* Base */ = {isa = PBXFileReference; lastKnownFileType = file.storyboard; name = Base; path = Base.lproj/LaunchScreen.storyboard; sourceTree = "<group>"; };
		46BD105826CE657000991951 /* Info.plist */ = {isa = PBXFileReference; lastKnownFileType = text.plist.xml; path = Info.plist; sourceTree = "<group>"; };
/* End PBXFileReference section */

/* Begin PBXFrameworksBuildPhase section */
		46BD104426CE656E00991951 /* Frameworks */ = {
			isa = PBXFrameworksBuildPhase;
			buildActionMask = 2147483647;
			files = (
				46BD106326CE666100991951 /* RealmSwift in Frameworks */,
				46BD106126CE666100991951 /* Realm in Frameworks */,
			);
			runOnlyForDeploymentPostprocessing = 0;
		};
/* End PBXFrameworksBuildPhase section */

/* Begin PBXGroup section */
		46BD103E26CE656E00991951 = {
			isa = PBXGroup;
			children = (
				46BD104926CE656E00991951 /* RealmDatabase */,
				46BD104826CE656E00991951 /* Products */,
			);
			sourceTree = "<group>";
		};
		46BD104826CE656E00991951 /* Products */ = {
			isa = PBXGroup;
			children = (
				46BD104726CE656E00991951 /* RealmDatabase.app */,
			);
			name = Products;
			sourceTree = "<group>";
		};
		46BD104926CE656E00991951 /* RealmDatabase */ = {
			isa = PBXGroup;
			children = (
				46BD104A26CE656E00991951 /* AppDelegate.swift */,
				46BD104C26CE656E00991951 /* SceneDelegate.swift */,
				46BD104E26CE656E00991951 /* ViewController.swift */,
				46BD105026CE656E00991951 /* Main.storyboard */,
				46BD105326CE657000991951 /* Assets.xcassets */,
				46BD105526CE657000991951 /* LaunchScreen.storyboard */,
				46BD105826CE657000991951 /* Info.plist */,
				468E9A9B26CE6A8100A8B4E8 /* Memo.swift */,
			);
			path = RealmDatabase;
			sourceTree = "<group>";
		};
/* End PBXGroup section */

/* Begin PBXNativeTarget section */
		46BD104626CE656E00991951 /* RealmDatabase */ = {
			isa = PBXNativeTarget;
			buildConfigurationList = 46BD105B26CE657000991951 /* Build configuration list for PBXNativeTarget "RealmDatabase" */;
			buildPhases = (
				46BD104326CE656E00991951 /* Sources */,
				46BD104426CE656E00991951 /* Frameworks */,
				46BD104526CE656E00991951 /* Resources */,
			);
			buildRules = (
			);
			dependencies = (
			);
			name = RealmDatabase;
			packageProductDependencies = (
				46BD106026CE666100991951 /* Realm */,
				46BD106226CE666100991951 /* RealmSwift */,
			);
			productName = RealmDatabase;
			productReference = 46BD104726CE656E00991951 /* RealmDatabase.app */;
			productType = "com.apple.product-type.application";
		};
/* End PBXNativeTarget section */

/* Begin PBXProject section */
		46BD103F26CE656E00991951 /* Project object */ = {
			isa = PBXProject;
			attributes = {
				LastSwiftUpdateCheck = 1240;
				LastUpgradeCheck = 1240;
				TargetAttributes = {
					46BD104626CE656E00991951 = {
						CreatedOnToolsVersion = 12.4;
					};
				};
			};
			buildConfigurationList = 46BD104226CE656E00991951 /* Build configuration list for PBXProject "RealmDatabase" */;
			compatibilityVersion = "Xcode 9.3";
			developmentRegion = en;
			hasScannedForEncodings = 0;
			knownRegions = (
				en,
				Base,
			);
			mainGroup = 46BD103E26CE656E00991951;
			packageReferences = (
				46BD105F26CE666100991951 /* XCRemoteSwiftPackageReference "realm-cocoa" */,
			);
			productRefGroup = 46BD104826CE656E00991951 /* Products */;
			projectDirPath = "";
			projectRoot = "";
			targets = (
				46BD104626CE656E00991951 /* RealmDatabase */,
			);
		};
/* End PBXProject section */

/* Begin PBXResourcesBuildPhase section */
		46BD104526CE656E00991951 /* Resources */ = {
			isa = PBXResourcesBuildPhase;
			buildActionMask = 2147483647;
			files = (
				46BD105726CE657000991951 /* LaunchScreen.storyboard in Resources */,
				46BD105426CE657000991951 /* Assets.xcassets in Resources */,
				46BD105226CE656E00991951 /* Main.storyboard in Resources */,
			);
			runOnlyForDeploymentPostprocessing = 0;
		};
/* End PBXResourcesBuildPhase section */

/* Begin PBXSourcesBuildPhase section */
		46BD104326CE656E00991951 /* Sources */ = {
			isa = PBXSourcesBuildPhase;
			buildActionMask = 2147483647;
			files = (
				46BD104F26CE656E00991951 /* ViewController.swift in Sources */,
				46BD104B26CE656E00991951 /* AppDelegate.swift in Sources */,
				46BD104D26CE656E00991951 /* SceneDelegate.swift in Sources */,
				468E9A9C26CE6A8100A8B4E8 /* Memo.swift in Sources */,
			);
			runOnlyForDeploymentPostprocessing = 0;
		};
/* End PBXSourcesBuildPhase section */

/* Begin PBXVariantGroup section */
		46BD105026CE656E00991951 /* Main.storyboard */ = {
			isa = PBXVariantGroup;
			children = (
				46BD105126CE656E00991951 /* Base */,
			);
			name = Main.storyboard;
			sourceTree = "<group>";
		};
		46BD105526CE657000991951 /* LaunchScreen.storyboard */ = {
			isa = PBXVariantGroup;
			children = (
				46BD105626CE657000991951 /* Base */,
			);
			name = LaunchScreen.storyboard;
			sourceTree = "<group>";
		};
/* End PBXVariantGroup section */

/* Begin XCBuildConfiguration section */
		46BD105926CE657000991951 /* Debug */ = {
			isa = XCBuildConfiguration;
			buildSettings = {
				ALWAYS_SEARCH_USER_PATHS = NO;
				CLANG_ANALYZER_NONNULL = YES;
				CLANG_ANALYZER_NUMBER_OBJECT_CONVERSION = YES_AGGRESSIVE;
				CLANG_CXX_LANGUAGE_STANDARD = "gnu++14";
				CLANG_CXX_LIBRARY = "libc++";
				CLANG_ENABLE_MODULES = YES;
				CLANG_ENABLE_OBJC_ARC = YES;
				CLANG_ENABLE_OBJC_WEAK = YES;
				CLANG_WARN_BLOCK_CAPTURE_AUTORELEASING = YES;
				CLANG_WARN_BOOL_CONVERSION = YES;
				CLANG_WARN_COMMA = YES;
				CLANG_WARN_CONSTANT_CONVERSION = YES;
				CLANG_WARN_DEPRECATED_OBJC_IMPLEMENTATIONS = YES;
				CLANG_WARN_DIRECT_OBJC_ISA_USAGE = YES_ERROR;
				CLANG_WARN_DOCUMENTATION_COMMENTS = YES;
				CLANG_WARN_EMPTY_BODY = YES;
				CLANG_WARN_ENUM_CONVERSION = YES;
				CLANG_WARN_INFINITE_RECURSION = YES;
				CLANG_WARN_INT_CONVERSION = YES;
				CLANG_WARN_NON_LITERAL_NULL_CONVERSION = YES;
				CLANG_WARN_OBJC_IMPLICIT_RETAIN_SELF = YES;
				CLANG_WARN_OBJC_LITERAL_CONVERSION = YES;
				CLANG_WARN_OBJC_ROOT_CLASS = YES_ERROR;
				CLANG_WARN_QUOTED_INCLUDE_IN_FRAMEWORK_HEADER = YES;
				CLANG_WARN_RANGE_LOOP_ANALYSIS = YES;
				CLANG_WARN_STRICT_PROTOTYPES = YES;
				CLANG_WARN_SUSPICIOUS_MOVE = YES;
				CLANG_WARN_UNGUARDED_AVAILABILITY = YES_AGGRESSIVE;
				CLANG_WARN_UNREACHABLE_CODE = YES;
				CLANG_WARN__DUPLICATE_METHOD_MATCH = YES;
				COPY_PHASE_STRIP = NO;
				DEBUG_INFORMATION_FORMAT = dwarf;
				ENABLE_STRICT_OBJC_MSGSEND = YES;
				ENABLE_TESTABILITY = YES;
				GCC_C_LANGUAGE_STANDARD = gnu11;
				GCC_DYNAMIC_NO_PIC = NO;
				GCC_NO_COMMON_BLOCKS = YES;
				GCC_OPTIMIZATION_LEVEL = 0;
				GCC_PREPROCESSOR_DEFINITIONS = (
					"DEBUG=1",
					"$(inherited)",
				);
				GCC_WARN_64_TO_32_BIT_CONVERSION = YES;
				GCC_WARN_ABOUT_RETURN_TYPE = YES_ERROR;
				GCC_WARN_UNDECLARED_SELECTOR = YES;
				GCC_WARN_UNINITIALIZED_AUTOS = YES_AGGRESSIVE;
				GCC_WARN_UNUSED_FUNCTION = YES;
				GCC_WARN_UNUSED_VARIABLE = YES;
				IPHONEOS_DEPLOYMENT_TARGET = 14.4;
				MTL_ENABLE_DEBUG_INFO = INCLUDE_SOURCE;
				MTL_FAST_MATH = YES;
				ONLY_ACTIVE_ARCH = YES;
				SDKROOT = iphoneos;
				SWIFT_ACTIVE_COMPILATION_CONDITIONS = DEBUG;
				SWIFT_OPTIMIZATION_LEVEL = "-Onone";
			};
			name = Debug;
		};
		46BD105A26CE657000991951 /* Release */ = {
			isa = XCBuildConfiguration;
			buildSettings = {
				ALWAYS_SEARCH_USER_PATHS = NO;
				CLANG_ANALYZER_NONNULL = YES;
				CLANG_ANALYZER_NUMBER_OBJECT_CONVERSION = YES_AGGRESSIVE;
				CLANG_CXX_LANGUAGE_STANDARD = "gnu++14";
				CLANG_CXX_LIBRARY = "libc++";
				CLANG_ENABLE_MODULES = YES;
				CLANG_ENABLE_OBJC_ARC = YES;
				CLANG_ENABLE_OBJC_WEAK = YES;
				CLANG_WARN_BLOCK_CAPTURE_AUTORELEASING = YES;
				CLANG_WARN_BOOL_CONVERSION = YES;
				CLANG_WARN_COMMA = YES;
				CLANG_WARN_CONSTANT_CONVERSION = YES;
				CLANG_WARN_DEPRECATED_OBJC_IMPLEMENTATIONS = YES;
				CLANG_WARN_DIRECT_OBJC_ISA_USAGE = YES_ERROR;
				CLANG_WARN_DOCUMENTATION_COMMENTS = YES;
				CLANG_WARN_EMPTY_BODY = YES;
				CLANG_WARN_ENUM_CONVERSION = YES;
				CLANG_WARN_INFINITE_RECURSION = YES;
				CLANG_WARN_INT_CONVERSION = YES;
				CLANG_WARN_NON_LITERAL_NULL_CONVERSION = YES;
				CLANG_WARN_OBJC_IMPLICIT_RETAIN_SELF = YES;
				CLANG_WARN_OBJC_LITERAL_CONVERSION = YES;
				CLANG_WARN_OBJC_ROOT_CLASS = YES_ERROR;
				CLANG_WARN_QUOTED_INCLUDE_IN_FRAMEWORK_HEADER = YES;
				CLANG_WARN_RANGE_LOOP_ANALYSIS = YES;
				CLANG_WARN_STRICT_PROTOTYPES = YES;
				CLANG_WARN_SUSPICIOUS_MOVE = YES;
				CLANG_WARN_UNGUARDED_AVAILABILITY = YES_AGGRESSIVE;
				CLANG_WARN_UNREACHABLE_CODE = YES;
				CLANG_WARN__DUPLICATE_METHOD_MATCH = YES;
				COPY_PHASE_STRIP = NO;
				DEBUG_INFORMATION_FORMAT = "dwarf-with-dsym";
				ENABLE_NS_ASSERTIONS = NO;
				ENABLE_STRICT_OBJC_MSGSEND = YES;
				GCC_C_LANGUAGE_STANDARD = gnu11;
				GCC_NO_COMMON_BLOCKS = YES;
				GCC_WARN_64_TO_32_BIT_CONVERSION = YES;
				GCC_WARN_ABOUT_RETURN_TYPE = YES_ERROR;
				GCC_WARN_UNDECLARED_SELECTOR = YES;
				GCC_WARN_UNINITIALIZED_AUTOS = YES_AGGRESSIVE;
				GCC_WARN_UNUSED_FUNCTION = YES;
				GCC_WARN_UNUSED_VARIABLE = YES;
				IPHONEOS_DEPLOYMENT_TARGET = 14.4;
				MTL_ENABLE_DEBUG_INFO = NO;
				MTL_FAST_MATH = YES;
				SDKROOT = iphoneos;
				SWIFT_COMPILATION_MODE = wholemodule;
				SWIFT_OPTIMIZATION_LEVEL = "-O";
				VALIDATE_PRODUCT = YES;
			};
			name = Release;
		};
		46BD105C26CE657000991951 /* Debug */ = {
			isa = XCBuildConfiguration;
			buildSettings = {
				ASSETCATALOG_COMPILER_APPICON_NAME = AppIcon;
				ASSETCATALOG_COMPILER_GLOBAL_ACCENT_COLOR_NAME = AccentColor;
				CODE_SIGN_STYLE = Automatic;
				INFOPLIST_FILE = RealmDatabase/Info.plist;
				LD_RUNPATH_SEARCH_PATHS = (
					"$(inherited)",
					"@executable_path/Frameworks",
				);
				PRODUCT_BUNDLE_IDENTIFIER = app.matsushita.mutton.RealmDatabase;
				PRODUCT_NAME = "$(TARGET_NAME)";
				SWIFT_VERSION = 5.0;
				TARGETED_DEVICE_FAMILY = "1,2";
			};
			name = Debug;
		};
		46BD105D26CE657000991951 /* Release */ = {
			isa = XCBuildConfiguration;
			buildSettings = {
				ASSETCATALOG_COMPILER_APPICON_NAME = AppIcon;
				ASSETCATALOG_COMPILER_GLOBAL_ACCENT_COLOR_NAME = AccentColor;
				CODE_SIGN_STYLE = Automatic;
				INFOPLIST_FILE = RealmDatabase/Info.plist;
				LD_RUNPATH_SEARCH_PATHS = (
					"$(inherited)",
					"@executable_path/Frameworks",
				);
				PRODUCT_BUNDLE_IDENTIFIER = app.matsushita.mutton.RealmDatabase;
				PRODUCT_NAME = "$(TARGET_NAME)";
				SWIFT_VERSION = 5.0;
				TARGETED_DEVICE_FAMILY = "1,2";
			};
			name = Release;
		};
/* End XCBuildConfiguration section */

/* Begin XCConfigurationList section */
		46BD104226CE656E00991951 /* Build configuration list for PBXProject "RealmDatabase" */ = {
			isa = XCConfigurationList;
			buildConfigurations = (
				46BD105926CE657000991951 /* Debug */,
				46BD105A26CE657000991951 /* Release */,
			);
			defaultConfigurationIsVisible = 0;
			defaultConfigurationName = Release;
		};
		46BD105B26CE657000991951 /* Build configuration list for PBXNativeTarget "RealmDatabase" */ = {
			isa = XCConfigurationList;
			buildConfigurations = (
				46BD105C26CE657000991951 /* Debug */,
				46BD105D26CE657000991951 /* Release */,
			);
			defaultConfigurationIsVisible = 0;
			defaultConfigurationName = Release;
		};
/* End XCConfigurationList section */

/* Begin XCRemoteSwiftPackageReference section */
		46BD105F26CE666100991951 /* XCRemoteSwiftPackageReference "realm-cocoa" */ = {
			isa = XCRemoteSwiftPackageReference;
			repositoryURL = "https://github.com/realm/realm-cocoa";
			requirement = {
				kind = upToNextMajorVersion;
				minimumVersion = 10.12.0;
			};
		};
/* End XCRemoteSwiftPackageReference section */

/* Begin XCSwiftPackageProductDependency section */
		46BD106026CE666100991951 /* Realm */ = {
			isa = XCSwiftPackageProductDependency;
			package = 46BD105F26CE666100991951 /* XCRemoteSwiftPackageReference "realm-cocoa" */;
			productName = Realm;
		};
		46BD106226CE666100991951 /* RealmSwift */ = {
			isa = XCSwiftPackageProductDependency;
			package = 46BD105F26CE666100991951 /* XCRemoteSwiftPackageReference "realm-cocoa" */;
			productName = RealmSwift;
		};
/* End XCSwiftPackageProductDependency section */
	};
	rootObject = 46BD103F26CE656E00991951 /* Project object */;
}
